// !$*UTF8*$!
{
	archiveVersion = 1;
	classes = {
	};
	objectVersion = 46;
	objects = {

/* Begin PBXBuildFile section */
		901B2F251A2E2B86005FB8C4 /* Alamofire.framework in Copy Frameworks */ = {isa = PBXBuildFile; fileRef = 901B2F1F1A2E2ABA005FB8C4 /* Alamofire.framework */; settings = {ATTRIBUTES = (CodeSignOnCopy, RemoveHeadersOnCopy, ); }; };
		90579B671A322B8D00BF035E /* MovieCollectionViewCell.swift in Sources */ = {isa = PBXBuildFile; fileRef = 90579B661A322B8D00BF035E /* MovieCollectionViewCell.swift */; };
		90579B6C1A33A9D100BF035E /* MovieDetailTableViewController.swift in Sources */ = {isa = PBXBuildFile; fileRef = 90579B6B1A33A9D100BF035E /* MovieDetailTableViewController.swift */; };
		90579B841A38F71100BF035E /* Haneke.framework in Copy Frameworks */ = {isa = PBXBuildFile; fileRef = 90579B7C1A38F62600BF035E /* Haneke.framework */; settings = {ATTRIBUTES = (CodeSignOnCopy, RemoveHeadersOnCopy, ); }; };
		9083C2601A2E3751006114C5 /* SwiftyJSON.swift in Sources */ = {isa = PBXBuildFile; fileRef = 9083C25F1A2E3751006114C5 /* SwiftyJSON.swift */; };
		90F2B2A41A2D569400FE3CFB /* AppDelegate.swift in Sources */ = {isa = PBXBuildFile; fileRef = 90F2B2A31A2D569400FE3CFB /* AppDelegate.swift */; };
		90F2B2A91A2D569400FE3CFB /* Main.storyboard in Resources */ = {isa = PBXBuildFile; fileRef = 90F2B2A71A2D569400FE3CFB /* Main.storyboard */; };
		90F2B2AB1A2D569400FE3CFB /* Images.xcassets in Resources */ = {isa = PBXBuildFile; fileRef = 90F2B2AA1A2D569400FE3CFB /* Images.xcassets */; };
		90F2B2AE1A2D569400FE3CFB /* LaunchScreen.xib in Resources */ = {isa = PBXBuildFile; fileRef = 90F2B2AC1A2D569400FE3CFB /* LaunchScreen.xib */; };
		90F2B2BA1A2D569400FE3CFB /* RottenMangeosSwiftTests.swift in Sources */ = {isa = PBXBuildFile; fileRef = 90F2B2B91A2D569400FE3CFB /* RottenMangeosSwiftTests.swift */; };
		90F2B2C61A2D57E300FE3CFB /* MovieCollectionViewController.swift in Sources */ = {isa = PBXBuildFile; fileRef = 90F2B2C51A2D57E300FE3CFB /* MovieCollectionViewController.swift */; };
		90F2B2C81A2E256700FE3CFB /* Movie.swift in Sources */ = {isa = PBXBuildFile; fileRef = 90F2B2C71A2E256700FE3CFB /* Movie.swift */; };
/* End PBXBuildFile section */

/* Begin PBXContainerItemProxy section */
		901B2F1E1A2E2ABA005FB8C4 /* PBXContainerItemProxy */ = {
			isa = PBXContainerItemProxy;
			containerPortal = 901B2F191A2E2AB9005FB8C4 /* Alamofire.xcodeproj */;
			proxyType = 2;
			remoteGlobalIDString = F8111E3319A95C8B0040E7D1;
			remoteInfo = Alamofire;
		};
		901B2F201A2E2ABA005FB8C4 /* PBXContainerItemProxy */ = {
			isa = PBXContainerItemProxy;
			containerPortal = 901B2F191A2E2AB9005FB8C4 /* Alamofire.xcodeproj */;
			proxyType = 2;
			remoteGlobalIDString = F8111E3E19A95C8B0040E7D1;
			remoteInfo = AlamofireTests;
		};
		901B2F221A2E2B5A005FB8C4 /* PBXContainerItemProxy */ = {
			isa = PBXContainerItemProxy;
			containerPortal = 901B2F191A2E2AB9005FB8C4 /* Alamofire.xcodeproj */;
			proxyType = 1;
			remoteGlobalIDString = F8111E3219A95C8B0040E7D1;
			remoteInfo = Alamofire;
		};
		90579B7B1A38F62600BF035E /* PBXContainerItemProxy */ = {
			isa = PBXContainerItemProxy;
			containerPortal = 90579B731A38F62600BF035E /* Haneke.xcodeproj */;
			proxyType = 2;
			remoteGlobalIDString = A095C9561980418C00CD0F4C;
			remoteInfo = Haneke;
		};
		90579B7D1A38F62600BF035E /* PBXContainerItemProxy */ = {
			isa = PBXContainerItemProxy;
			containerPortal = 90579B731A38F62600BF035E /* Haneke.xcodeproj */;
			proxyType = 2;
			remoteGlobalIDString = A095C9611980418C00CD0F4C;
			remoteInfo = HanekeTests;
		};
		90579B7F1A38F62600BF035E /* PBXContainerItemProxy */ = {
			isa = PBXContainerItemProxy;
			containerPortal = 90579B731A38F62600BF035E /* Haneke.xcodeproj */;
			proxyType = 2;
			remoteGlobalIDString = A0026E9A19C9BFBC004DE0C6;
			remoteInfo = HanekeDemo;
		};
		90579B811A38F64900BF035E /* PBXContainerItemProxy */ = {
			isa = PBXContainerItemProxy;
			containerPortal = 90579B731A38F62600BF035E /* Haneke.xcodeproj */;
			proxyType = 1;
			remoteGlobalIDString = A095C9551980418C00CD0F4C;
			remoteInfo = Haneke;
		};
		90F2B2B41A2D569400FE3CFB /* PBXContainerItemProxy */ = {
			isa = PBXContainerItemProxy;
			containerPortal = 90F2B2961A2D569300FE3CFB /* Project object */;
			proxyType = 1;
			remoteGlobalIDString = 90F2B29D1A2D569400FE3CFB;
			remoteInfo = RottenMangeosSwift;
		};
/* End PBXContainerItemProxy section */

/* Begin PBXCopyFilesBuildPhase section */
		901B2F241A2E2B68005FB8C4 /* Copy Frameworks */ = {
			isa = PBXCopyFilesBuildPhase;
			buildActionMask = 2147483647;
			dstPath = "";
			dstSubfolderSpec = 10;
			files = (
				90579B841A38F71100BF035E /* Haneke.framework in Copy Frameworks */,
				901B2F251A2E2B86005FB8C4 /* Alamofire.framework in Copy Frameworks */,
			);
			name = "Copy Frameworks";
			runOnlyForDeploymentPostprocessing = 0;
		};
		90579B831A38F65700BF035E /* CopyFiles */ = {
			isa = PBXCopyFilesBuildPhase;
			buildActionMask = 2147483647;
			dstPath = "";
			dstSubfolderSpec = 7;
			files = (
			);
			runOnlyForDeploymentPostprocessing = 0;
		};
/* End PBXCopyFilesBuildPhase section */

/* Begin PBXFileReference section */
		901B2F191A2E2AB9005FB8C4 /* Alamofire.xcodeproj */ = {isa = PBXFileReference; lastKnownFileType = "wrapper.pb-project"; name = Alamofire.xcodeproj; path = "../../Downloads/Alamofire-master/Alamofire.xcodeproj"; sourceTree = "<group>"; };
		90579B661A322B8D00BF035E /* MovieCollectionViewCell.swift */ = {isa = PBXFileReference; fileEncoding = 4; lastKnownFileType = sourcecode.swift; path = MovieCollectionViewCell.swift; sourceTree = "<group>"; };
		90579B6B1A33A9D100BF035E /* MovieDetailTableViewController.swift */ = {isa = PBXFileReference; fileEncoding = 4; lastKnownFileType = sourcecode.swift; path = MovieDetailTableViewController.swift; sourceTree = "<group>"; };
		90579B731A38F62600BF035E /* Haneke.xcodeproj */ = {isa = PBXFileReference; lastKnownFileType = "wrapper.pb-project"; name = Haneke.xcodeproj; path = "../../Downloads/HanekeSwift-master/Haneke.xcodeproj"; sourceTree = "<group>"; };
		9083C25F1A2E3751006114C5 /* SwiftyJSON.swift */ = {isa = PBXFileReference; fileEncoding = 4; lastKnownFileType = sourcecode.swift; path = SwiftyJSON.swift; sourceTree = "<group>"; };
		90F2B29E1A2D569400FE3CFB /* RottenMangeosSwift.app */ = {isa = PBXFileReference; explicitFileType = wrapper.application; includeInIndex = 0; path = RottenMangeosSwift.app; sourceTree = BUILT_PRODUCTS_DIR; };
		90F2B2A21A2D569400FE3CFB /* Info.plist */ = {isa = PBXFileReference; lastKnownFileType = text.plist.xml; path = Info.plist; sourceTree = "<group>"; };
		90F2B2A31A2D569400FE3CFB /* AppDelegate.swift */ = {isa = PBXFileReference; lastKnownFileType = sourcecode.swift; path = AppDelegate.swift; sourceTree = "<group>"; };
		90F2B2A81A2D569400FE3CFB /* Base */ = {isa = PBXFileReference; lastKnownFileType = file.storyboard; name = Base; path = Base.lproj/Main.storyboard; sourceTree = "<group>"; };
		90F2B2AA1A2D569400FE3CFB /* Images.xcassets */ = {isa = PBXFileReference; lastKnownFileType = folder.assetcatalog; path = Images.xcassets; sourceTree = "<group>"; };
		90F2B2AD1A2D569400FE3CFB /* Base */ = {isa = PBXFileReference; lastKnownFileType = file.xib; name = Base; path = Base.lproj/LaunchScreen.xib; sourceTree = "<group>"; };
		90F2B2B31A2D569400FE3CFB /* RottenMangeosSwiftTests.xctest */ = {isa = PBXFileReference; explicitFileType = wrapper.cfbundle; includeInIndex = 0; path = RottenMangeosSwiftTests.xctest; sourceTree = BUILT_PRODUCTS_DIR; };
		90F2B2B81A2D569400FE3CFB /* Info.plist */ = {isa = PBXFileReference; lastKnownFileType = text.plist.xml; path = Info.plist; sourceTree = "<group>"; };
		90F2B2B91A2D569400FE3CFB /* RottenMangeosSwiftTests.swift */ = {isa = PBXFileReference; lastKnownFileType = sourcecode.swift; path = RottenMangeosSwiftTests.swift; sourceTree = "<group>"; };
		90F2B2C51A2D57E300FE3CFB /* MovieCollectionViewController.swift */ = {isa = PBXFileReference; fileEncoding = 4; lastKnownFileType = sourcecode.swift; path = MovieCollectionViewController.swift; sourceTree = "<group>"; };
		90F2B2C71A2E256700FE3CFB /* Movie.swift */ = {isa = PBXFileReference; fileEncoding = 4; lastKnownFileType = sourcecode.swift; path = Movie.swift; sourceTree = "<group>"; };
/* End PBXFileReference section */

/* Begin PBXFrameworksBuildPhase section */
		90F2B29B1A2D569400FE3CFB /* Frameworks */ = {
			isa = PBXFrameworksBuildPhase;
			buildActionMask = 2147483647;
			files = (
			);
			runOnlyForDeploymentPostprocessing = 0;
		};
		90F2B2B01A2D569400FE3CFB /* Frameworks */ = {
			isa = PBXFrameworksBuildPhase;
			buildActionMask = 2147483647;
			files = (
			);
			runOnlyForDeploymentPostprocessing = 0;
		};
/* End PBXFrameworksBuildPhase section */

/* Begin PBXGroup section */
		901B2F1A1A2E2AB9005FB8C4 /* Products */ = {
			isa = PBXGroup;
			children = (
				901B2F1F1A2E2ABA005FB8C4 /* Alamofire.framework */,
				901B2F211A2E2ABA005FB8C4 /* AlamofireTests.xctest */,
			);
			name = Products;
			sourceTree = "<group>";
		};
		90579B741A38F62600BF035E /* Products */ = {
			isa = PBXGroup;
			children = (
				90579B7C1A38F62600BF035E /* Haneke.framework */,
				90579B7E1A38F62600BF035E /* HanekeTests.xctest */,
				90579B801A38F62600BF035E /* HanekeDemo.app */,
			);
			name = Products;
			sourceTree = "<group>";
		};
		90F2B2951A2D569300FE3CFB = {
			isa = PBXGroup;
			children = (
				90F2B2A01A2D569400FE3CFB /* RottenMangeosSwift */,
				90F2B2B61A2D569400FE3CFB /* RottenMangeosSwiftTests */,
				90F2B29F1A2D569400FE3CFB /* Products */,
				90579B731A38F62600BF035E /* Haneke.xcodeproj */,
				901B2F191A2E2AB9005FB8C4 /* Alamofire.xcodeproj */,
			);
			sourceTree = "<group>";
		};
		90F2B29F1A2D569400FE3CFB /* Products */ = {
			isa = PBXGroup;
			children = (
				90F2B29E1A2D569400FE3CFB /* RottenMangeosSwift.app */,
				90F2B2B31A2D569400FE3CFB /* RottenMangeosSwiftTests.xctest */,
			);
			name = Products;
			sourceTree = "<group>";
		};
		90F2B2A01A2D569400FE3CFB /* RottenMangeosSwift */ = {
			isa = PBXGroup;
			children = (
				90F2B2A31A2D569400FE3CFB /* AppDelegate.swift */,
				90579B661A322B8D00BF035E /* MovieCollectionViewCell.swift */,
				90F2B2C51A2D57E300FE3CFB /* MovieCollectionViewController.swift */,
				90579B6B1A33A9D100BF035E /* MovieDetailTableViewController.swift */,
				90F2B2C71A2E256700FE3CFB /* Movie.swift */,
				90F2B2A71A2D569400FE3CFB /* Main.storyboard */,
				90F2B2AA1A2D569400FE3CFB /* Images.xcassets */,
				90F2B2AC1A2D569400FE3CFB /* LaunchScreen.xib */,
				9083C25F1A2E3751006114C5 /* SwiftyJSON.swift */,
				90F2B2A11A2D569400FE3CFB /* Supporting Files */,
			);
			path = RottenMangeosSwift;
			sourceTree = "<group>";
		};
		90F2B2A11A2D569400FE3CFB /* Supporting Files */ = {
			isa = PBXGroup;
			children = (
				90F2B2A21A2D569400FE3CFB /* Info.plist */,
			);
			name = "Supporting Files";
			sourceTree = "<group>";
		};
		90F2B2B61A2D569400FE3CFB /* RottenMangeosSwiftTests */ = {
			isa = PBXGroup;
			children = (
				90F2B2B91A2D569400FE3CFB /* RottenMangeosSwiftTests.swift */,
				90F2B2B71A2D569400FE3CFB /* Supporting Files */,
			);
			path = RottenMangeosSwiftTests;
			sourceTree = "<group>";
		};
		90F2B2B71A2D569400FE3CFB /* Supporting Files */ = {
			isa = PBXGroup;
			children = (
				90F2B2B81A2D569400FE3CFB /* Info.plist */,
			);
			name = "Supporting Files";
			sourceTree = "<group>";
		};
/* End PBXGroup section */

/* Begin PBXNativeTarget section */
		90F2B29D1A2D569400FE3CFB /* RottenMangeosSwift */ = {
			isa = PBXNativeTarget;
			buildConfigurationList = 90F2B2BD1A2D569400FE3CFB /* Build configuration list for PBXNativeTarget "RottenMangeosSwift" */;
			buildPhases = (
				90F2B29A1A2D569400FE3CFB /* Sources */,
				90F2B29B1A2D569400FE3CFB /* Frameworks */,
				90F2B29C1A2D569400FE3CFB /* Resources */,
				901B2F241A2E2B68005FB8C4 /* Copy Frameworks */,
				90579B831A38F65700BF035E /* CopyFiles */,
			);
			buildRules = (
			);
			dependencies = (
				90579B821A38F64900BF035E /* PBXTargetDependency */,
				901B2F231A2E2B5A005FB8C4 /* PBXTargetDependency */,
			);
			name = RottenMangeosSwift;
			productName = RottenMangeosSwift;
			productReference = 90F2B29E1A2D569400FE3CFB /* RottenMangeosSwift.app */;
			productType = "com.apple.product-type.application";
		};
		90F2B2B21A2D569400FE3CFB /* RottenMangeosSwiftTests */ = {
			isa = PBXNativeTarget;
			buildConfigurationList = 90F2B2C01A2D569400FE3CFB /* Build configuration list for PBXNativeTarget "RottenMangeosSwiftTests" */;
			buildPhases = (
				90F2B2AF1A2D569400FE3CFB /* Sources */,
				90F2B2B01A2D569400FE3CFB /* Frameworks */,
				90F2B2B11A2D569400FE3CFB /* Resources */,
			);
			buildRules = (
			);
			dependencies = (
				90F2B2B51A2D569400FE3CFB /* PBXTargetDependency */,
			);
			name = RottenMangeosSwiftTests;
			productName = RottenMangeosSwiftTests;
			productReference = 90F2B2B31A2D569400FE3CFB /* RottenMangeosSwiftTests.xctest */;
			productType = "com.apple.product-type.bundle.unit-test";
		};
/* End PBXNativeTarget section */

/* Begin PBXProject section */
		90F2B2961A2D569300FE3CFB /* Project object */ = {
			isa = PBXProject;
			attributes = {
				LastUpgradeCheck = 0610;
				ORGANIZATIONNAME = "Taylor Ledingham";
				TargetAttributes = {
					90F2B29D1A2D569400FE3CFB = {
						CreatedOnToolsVersion = 6.1;
					};
					90F2B2B21A2D569400FE3CFB = {
						CreatedOnToolsVersion = 6.1;
						TestTargetID = 90F2B29D1A2D569400FE3CFB;
					};
				};
			};
			buildConfigurationList = 90F2B2991A2D569400FE3CFB /* Build configuration list for PBXProject "RottenMangeosSwift" */;
			compatibilityVersion = "Xcode 3.2";
			developmentRegion = English;
			hasScannedForEncodings = 0;
			knownRegions = (
				en,
				Base,
			);
			mainGroup = 90F2B2951A2D569300FE3CFB;
			productRefGroup = 90F2B29F1A2D569400FE3CFB /* Products */;
			projectDirPath = "";
			projectReferences = (
				{
					ProductGroup = 901B2F1A1A2E2AB9005FB8C4 /* Products */;
					ProjectRef = 901B2F191A2E2AB9005FB8C4 /* Alamofire.xcodeproj */;
				},
				{
					ProductGroup = 90579B741A38F62600BF035E /* Products */;
					ProjectRef = 90579B731A38F62600BF035E /* Haneke.xcodeproj */;
				},
			);
			projectRoot = "";
			targets = (
				90F2B29D1A2D569400FE3CFB /* RottenMangeosSwift */,
				90F2B2B21A2D569400FE3CFB /* RottenMangeosSwiftTests */,
			);
		};
/* End PBXProject section */

/* Begin PBXReferenceProxy section */
		901B2F1F1A2E2ABA005FB8C4 /* Alamofire.framework */ = {
			isa = PBXReferenceProxy;
			fileType = wrapper.framework;
			path = Alamofire.framework;
			remoteRef = 901B2F1E1A2E2ABA005FB8C4 /* PBXContainerItemProxy */;
			sourceTree = BUILT_PRODUCTS_DIR;
		};
		901B2F211A2E2ABA005FB8C4 /* AlamofireTests.xctest */ = {
			isa = PBXReferenceProxy;
			fileType = wrapper.cfbundle;
			path = AlamofireTests.xctest;
			remoteRef = 901B2F201A2E2ABA005FB8C4 /* PBXContainerItemProxy */;
			sourceTree = BUILT_PRODUCTS_DIR;
		};
		90579B7C1A38F62600BF035E /* Haneke.framework */ = {
			isa = PBXReferenceProxy;
			fileType = wrapper.framework;
			path = Haneke.framework;
			remoteRef = 90579B7B1A38F62600BF035E /* PBXContainerItemProxy */;
			sourceTree = BUILT_PRODUCTS_DIR;
		};
		90579B7E1A38F62600BF035E /* HanekeTests.xctest */ = {
			isa = PBXReferenceProxy;
			fileType = wrapper.cfbundle;
			path = HanekeTests.xctest;
			remoteRef = 90579B7D1A38F62600BF035E /* PBXContainerItemProxy */;
			sourceTree = BUILT_PRODUCTS_DIR;
		};
		90579B801A38F62600BF035E /* HanekeDemo.app */ = {
			isa = PBXReferenceProxy;
			fileType = wrapper.application;
			path = HanekeDemo.app;
			remoteRef = 90579B7F1A38F62600BF035E /* PBXContainerItemProxy */;
			sourceTree = BUILT_PRODUCTS_DIR;
		};
/* End PBXReferenceProxy section */

/* Begin PBXResourcesBuildPhase section */
		90F2B29C1A2D569400FE3CFB /* Resources */ = {
			isa = PBXResourcesBuildPhase;
			buildActionMask = 2147483647;
			files = (
				90F2B2A91A2D569400FE3CFB /* Main.storyboard in Resources */,
				90F2B2AE1A2D569400FE3CFB /* LaunchScreen.xib in Resources */,
				90F2B2AB1A2D569400FE3CFB /* Images.xcassets in Resources */,
			);
			runOnlyForDeploymentPostprocessing = 0;
		};
		90F2B2B11A2D569400FE3CFB /* Resources */ = {
			isa = PBXResourcesBuildPhase;
			buildActionMask = 2147483647;
			files = (
			);
			runOnlyForDeploymentPostprocessing = 0;
		};
/* End PBXResourcesBuildPhase section */

/* Begin PBXSourcesBuildPhase section */
		90F2B29A1A2D569400FE3CFB /* Sources */ = {
			isa = PBXSourcesBuildPhase;
			buildActionMask = 2147483647;
			files = (
				90F2B2A41A2D569400FE3CFB /* AppDelegate.swift in Sources */,
				90F2B2C81A2E256700FE3CFB /* Movie.swift in Sources */,
				90579B671A322B8D00BF035E /* MovieCollectionViewCell.swift in Sources */,
				90579B6C1A33A9D100BF035E /* MovieDetailTableViewController.swift in Sources */,
				9083C2601A2E3751006114C5 /* SwiftyJSON.swift in Sources */,
				90F2B2C61A2D57E300FE3CFB /* MovieCollectionViewController.swift in Sources */,
			);
			runOnlyForDeploymentPostprocessing = 0;
		};
		90F2B2AF1A2D569400FE3CFB /* Sources */ = {
			isa = PBXSourcesBuildPhase;
			buildActionMask = 2147483647;
			files = (
				90F2B2BA1A2D569400FE3CFB /* RottenMangeosSwiftTests.swift in Sources */,
			);
			runOnlyForDeploymentPostprocessing = 0;
		};
/* End PBXSourcesBuildPhase section */

/* Begin PBXTargetDependency section */
		901B2F231A2E2B5A005FB8C4 /* PBXTargetDependency */ = {
			isa = PBXTargetDependency;
			name = Alamofire;
			targetProxy = 901B2F221A2E2B5A005FB8C4 /* PBXContainerItemProxy */;
		};
		90579B821A38F64900BF035E /* PBXTargetDependency */ = {
			isa = PBXTargetDependency;
			name = Haneke;
			targetProxy = 90579B811A38F64900BF035E /* PBXContainerItemProxy */;
		};
		90F2B2B51A2D569400FE3CFB /* PBXTargetDependency */ = {
			isa = PBXTargetDependency;
			target = 90F2B29D1A2D569400FE3CFB /* RottenMangeosSwift */;
			targetProxy = 90F2B2B41A2D569400FE3CFB /* PBXContainerItemProxy */;
		};
/* End PBXTargetDependency section */

/* Begin PBXVariantGroup section */
		90F2B2A71A2D569400FE3CFB /* Main.storyboard */ = {
			isa = PBXVariantGroup;
			children = (
				90F2B2A81A2D569400FE3CFB /* Base */,
			);
			name = Main.storyboard;
			sourceTree = "<group>";
		};
		90F2B2AC1A2D569400FE3CFB /* LaunchScreen.xib */ = {
			isa = PBXVariantGroup;
			children = (
				90F2B2AD1A2D569400FE3CFB /* Base */,
			);
			name = LaunchScreen.xib;
			sourceTree = "<group>";
		};
/* End PBXVariantGroup section */

/* Begin XCBuildConfiguration section */
		90F2B2BB1A2D569400FE3CFB /* Debug */ = {
			isa = XCBuildConfiguration;
			buildSettings = {
				ALWAYS_SEARCH_USER_PATHS = NO;
				CLANG_CXX_LANGUAGE_STANDARD = "gnu++0x";
				CLANG_CXX_LIBRARY = "libc++";
				CLANG_ENABLE_MODULES = YES;
				CLANG_ENABLE_OBJC_ARC = YES;
				CLANG_WARN_BOOL_CONVERSION = YES;
				CLANG_WARN_CONSTANT_CONVERSION = YES;
				CLANG_WARN_DIRECT_OBJC_ISA_USAGE = YES_ERROR;
				CLANG_WARN_EMPTY_BODY = YES;
				CLANG_WARN_ENUM_CONVERSION = YES;
				CLANG_WARN_INT_CONVERSION = YES;
				CLANG_WARN_OBJC_ROOT_CLASS = YES_ERROR;
				CLANG_WARN_UNREACHABLE_CODE = YES;
				CLANG_WARN__DUPLICATE_METHOD_MATCH = YES;
				"CODE_SIGN_IDENTITY[sdk=iphoneos*]" = "iPhone Developer";
				COPY_PHASE_STRIP = NO;
				ENABLE_STRICT_OBJC_MSGSEND = YES;
				GCC_C_LANGUAGE_STANDARD = gnu99;
				GCC_DYNAMIC_NO_PIC = NO;
				GCC_OPTIMIZATION_LEVEL = 0;
				GCC_PREPROCESSOR_DEFINITIONS = (
					"DEBUG=1",
					"$(inherited)",
				);
				GCC_SYMBOLS_PRIVATE_EXTERN = NO;
				GCC_WARN_64_TO_32_BIT_CONVERSION = YES;
				GCC_WARN_ABOUT_RETURN_TYPE = YES_ERROR;
				GCC_WARN_UNDECLARED_SELECTOR = YES;
				GCC_WARN_UNINITIALIZED_AUTOS = YES_AGGRESSIVE;
				GCC_WARN_UNUSED_FUNCTION = YES;
				GCC_WARN_UNUSED_VARIABLE = YES;
				IPHONEOS_DEPLOYMENT_TARGET = 8.1;
				MTL_ENABLE_DEBUG_INFO = YES;
				ONLY_ACTIVE_ARCH = YES;
				SDKROOT = iphoneos;
				SWIFT_OPTIMIZATION_LEVEL = "-Onone";
			};
			name = Debug;
		};
		90F2B2BC1A2D569400FE3CFB /* Release */ = {
			isa = XCBuildConfiguration;
			buildSettings = {
				ALWAYS_SEARCH_USER_PATHS = NO;
				CLANG_CXX_LANGUAGE_STANDARD = "gnu++0x";
				CLANG_CXX_LIBRARY = "libc++";
				CLANG_ENABLE_MODULES = YES;
				CLANG_ENABLE_OBJC_ARC = YES;
				CLANG_WARN_BOOL_CONVERSION = YES;
				CLANG_WARN_CONSTANT_CONVERSION = YES;
				CLANG_WARN_DIRECT_OBJC_ISA_USAGE = YES_ERROR;
				CLANG_WARN_EMPTY_BODY = YES;
				CLANG_WARN_ENUM_CONVERSION = YES;
				CLANG_WARN_INT_CONVERSION = YES;
				CLANG_WARN_OBJC_ROOT_CLASS = YES_ERROR;
				CLANG_WARN_UNREACHABLE_CODE = YES;
				CLANG_WARN__DUPLICATE_METHOD_MATCH = YES;
				"CODE_SIGN_IDENTITY[sdk=iphoneos*]" = "iPhone Developer";
				COPY_PHASE_STRIP = YES;
				ENABLE_NS_ASSERTIONS = NO;
				ENABLE_STRICT_OBJC_MSGSEND = YES;
				GCC_C_LANGUAGE_STANDARD = gnu99;
				GCC_WARN_64_TO_32_BIT_CONVERSION = YES;
				GCC_WARN_ABOUT_RETURN_TYPE = YES_ERROR;
				GCC_WARN_UNDECLARED_SELECTOR = YES;
				GCC_WARN_UNINITIALIZED_AUTOS = YES_AGGRESSIVE;
				GCC_WARN_UNUSED_FUNCTION = YES;
				GCC_WARN_UNUSED_VARIABLE = YES;
				IPHONEOS_DEPLOYMENT_TARGET = 8.1;
				MTL_ENABLE_DEBUG_INFO = NO;
				SDKROOT = iphoneos;
				VALIDATE_PRODUCT = YES;
			};
			name = Release;
		};
		90F2B2BE1A2D569400FE3CFB /* Debug */ = {
			isa = XCBuildConfiguration;
			buildSettings = {
				ASSETCATALOG_COMPILER_APPICON_NAME = AppIcon;
				INFOPLIST_FILE = RottenMangeosSwift/Info.plist;
				LD_RUNPATH_SEARCH_PATHS = "$(inherited) @executable_path/Frameworks";
				PRODUCT_NAME = "$(TARGET_NAME)";
			};
			name = Debug;
		};
		90F2B2BF1A2D569400FE3CFB /* Release */ = {
			isa = XCBuildConfiguration;
			buildSettings = {
				ASSETCATALOG_COMPILER_APPICON_NAME = AppIcon;
				INFOPLIST_FILE = RottenMangeosSwift/Info.plist;
				LD_RUNPATH_SEARCH_PATHS = "$(inherited) @executable_path/Frameworks";
				PRODUCT_NAME = "$(TARGET_NAME)";
			};
			name = Release;
		};
		90F2B2C11A2D569400FE3CFB /* Debug */ = {
			isa = XCBuildConfiguration;
			buildSettings = {
				BUNDLE_LOADER = "$(TEST_HOST)";
				FRAMEWORK_SEARCH_PATHS = (
					"$(SDKROOT)/Developer/Library/Frameworks",
					"$(inherited)",
				);
				GCC_PREPROCESSOR_DEFINITIONS = (
					"DEBUG=1",
					"$(inherited)",
				);
				INFOPLIST_FILE = RottenMangeosSwiftTests/Info.plist;
				LD_RUNPATH_SEARCH_PATHS = "$(inherited) @executable_path/Frameworks @loader_path/Frameworks";
				PRODUCT_NAME = "$(TARGET_NAME)";
				TEST_HOST = "$(BUILT_PRODUCTS_DIR)/RottenMangeosSwift.app/RottenMangeosSwift";
			};
			name = Debug;
		};
		90F2B2C21A2D569400FE3CFB /* Release */ = {
			isa = XCBuildConfiguration;
			buildSettings = {
				BUNDLE_LOADER = "$(TEST_HOST)";
				FRAMEWORK_SEARCH_PATHS = (
					"$(SDKROOT)/Developer/Library/Frameworks",
					"$(inherited)",
				);
				INFOPLIST_FILE = RottenMangeosSwiftTests/Info.plist;
				LD_RUNPATH_SEARCH_PATHS = "$(inherited) @executable_path/Frameworks @loader_path/Frameworks";
				PRODUCT_NAME = "$(TARGET_NAME)";
				TEST_HOST = "$(BUILT_PRODUCTS_DIR)/RottenMangeosSwift.app/RottenMangeosSwift";
			};
			name = Release;
		};
/* End XCBuildConfiguration section */

/* Begin XCConfigurationList section */
		90F2B2991A2D569400FE3CFB /* Build configuration list for PBXProject "RottenMangeosSwift" */ = {
			isa = XCConfigurationList;
			buildConfigurations = (
				90F2B2BB1A2D569400FE3CFB /* Debug */,
				90F2B2BC1A2D569400FE3CFB /* Release */,
			);
			defaultConfigurationIsVisible = 0;
			defaultConfigurationName = Release;
		};
		90F2B2BD1A2D569400FE3CFB /* Build configuration list for PBXNativeTarget "RottenMangeosSwift" */ = {
			isa = XCConfigurationList;
			buildConfigurations = (
				90F2B2BE1A2D569400FE3CFB /* Debug */,
				90F2B2BF1A2D569400FE3CFB /* Release */,
			);
			defaultConfigurationIsVisible = 0;
			defaultConfigurationName = Release;
		};
		90F2B2C01A2D569400FE3CFB /* Build configuration list for PBXNativeTarget "RottenMangeosSwiftTests" */ = {
			isa = XCConfigurationList;
			buildConfigurations = (
				90F2B2C11A2D569400FE3CFB /* Debug */,
				90F2B2C21A2D569400FE3CFB /* Release */,
			);
			defaultConfigurationIsVisible = 0;
			defaultConfigurationName = Release;
		};
/* End XCConfigurationList section */
	};
	rootObject = 90F2B2961A2D569300FE3CFB /* Project object */;
}
